hash: 2ff548ee3e1a03c23714e070fca5dc103ba616bbf52d2d45260b50f3cb11f1dc
updated: 2017-09-23T16:24:46.477284885+02:00
imports:
- name: github.com/nlopes/slack
  version: c86337c0ef2486a15edd804355d9c73d2f2caed1
- name: github.com/thewolfnl/ModularSlackBot
  version: 339a3bb0f159a024ece7c6d7630144beac2d241a
  subpackages:
  - bot
- name: golang.org/x/net
  version: 8351a756f30f1297fe94bbf4b767ec589c6ea6d0
  subpackages:
  - websocket
testImports: []
