hash: 5f90c5374610513231836101e984e024689e80e7868e03862a9f053be7d614d7
updated: 2017-09-28T23:19:28.912433813+02:00
imports:
- name: github.com/nlopes/slack
  version: c86337c0ef2486a15edd804355d9c73d2f2caed1
- name: github.com/thewolfnl/ModularSlackBot
  version: a66a8d9c399318940120091d4ddf558ef634baee
  subpackages:
  - testLib
- name: golang.org/x/net
  version: 8351a756f30f1297fe94bbf4b767ec589c6ea6d0
  subpackages:
  - websocket
testImports: []
